
Microsoft Visual Studio Solution File, Format Version 12.00
# Visual Studio Version 16
VisualStudioVersion = 16.0.32126.315
MinimumVisualStudioVersion = 10.0.40219.1
Project("{9A19103F-16F7-4668-BE54-9A1E7A4F7556}") = "Prac1", "Prac1\Prac1.csproj", "{0172ABF9-1F83-477A-907A-F8CB1690DD94}"
EndProject
Project("{9A19103F-16F7-4668-BE54-9A1E7A4F7556}") = "Prac2", "Prac2\Prac2.csproj", "{0BC1EBC5-CCEE-489D-9685-6B3F0B6F695C}"
EndProject
Project("{9A19103F-16F7-4668-BE54-9A1E7A4F7556}") = "Prac3", "Prac3\Prac3.csproj", "{F1CD7167-236E-4A94-A919-59810DA7CCF4}"
EndProject
Project("{9A19103F-16F7-4668-BE54-9A1E7A4F7556}") = "Prac4", "Prac4\Prac4.csproj", "{4FDBD26F-AEFA-40A6-8EAA-464646BF1DF3}"
EndProject
Project("{FAE04EC0-301F-11D3-BF4B-00C04F79EFBC}") = "Prac5", "Prac5\Prac5.csproj", "{3860D8D7-C6D7-4B26-8DE0-669AED7C57CA}"
EndProject
Project("{FAE04EC0-301F-11D3-BF4B-00C04F79EFBC}") = "prac6", "prac6\prac6.csproj", "{D61B2411-DA5F-41E0-AE7E-DD73168A5A92}"
EndProject
Project("{FAE04EC0-301F-11D3-BF4B-00C04F79EFBC}") = "prac7", "prac7\prac7.csproj", "{A85531B7-43A2-4316-B09A-8C1622DB95A3}"
EndProject
Project("{FAE04EC0-301F-11D3-BF4B-00C04F79EFBC}") = "prac8", "prac8\prac8.csproj", "{3D82025C-60F1-47A8-B9D0-DE57894558D6}"
EndProject
Project("{FAE04EC0-301F-11D3-BF4B-00C04F79EFBC}") = "Prac9", "Prac9\Prac9.csproj", "{153E80DE-255B-493E-B4DC-AB5F38D51998}"
EndProject
Project("{FAE04EC0-301F-11D3-BF4B-00C04F79EFBC}") = "Prac10", "Prac10\Prac10.csproj", "{BDACFB55-423A-4A70-A67C-F521A4E97783}"
EndProject
Project("{FAE04EC0-301F-11D3-BF4B-00C04F79EFBC}") = "Prac13", "Prac13\Prac13.csproj", "{06B80AC6-D61C-4B4A-961C-0AC900A261AF}"
EndProject
Global
	GlobalSection(SolutionConfigurationPlatforms) = preSolution
		Debug|Any CPU = Debug|Any CPU
		Release|Any CPU = Release|Any CPU
	EndGlobalSection
	GlobalSection(ProjectConfigurationPlatforms) = postSolution
		{0172ABF9-1F83-477A-907A-F8CB1690DD94}.Debug|Any CPU.ActiveCfg = Debug|Any CPU
		{0172ABF9-1F83-477A-907A-F8CB1690DD94}.Debug|Any CPU.Build.0 = Debug|Any CPU
		{0172ABF9-1F83-477A-907A-F8CB1690DD94}.Release|Any CPU.ActiveCfg = Release|Any CPU
		{0172ABF9-1F83-477A-907A-F8CB1690DD94}.Release|Any CPU.Build.0 = Release|Any CPU
		{0BC1EBC5-CCEE-489D-9685-6B3F0B6F695C}.Debug|Any CPU.ActiveCfg = Debug|Any CPU
		{0BC1EBC5-CCEE-489D-9685-6B3F0B6F695C}.Debug|Any CPU.Build.0 = Debug|Any CPU
		{0BC1EBC5-CCEE-489D-9685-6B3F0B6F695C}.Release|Any CPU.ActiveCfg = Release|Any CPU
		{0BC1EBC5-CCEE-489D-9685-6B3F0B6F695C}.Release|Any CPU.Build.0 = Release|Any CPU
		{F1CD7167-236E-4A94-A919-59810DA7CCF4}.Debug|Any CPU.ActiveCfg = Debug|Any CPU
		{F1CD7167-236E-4A94-A919-59810DA7CCF4}.Debug|Any CPU.Build.0 = Debug|Any CPU
		{F1CD7167-236E-4A94-A919-59810DA7CCF4}.Release|Any CPU.ActiveCfg = Release|Any CPU
		{F1CD7167-236E-4A94-A919-59810DA7CCF4}.Release|Any CPU.Build.0 = Release|Any CPU
		{4FDBD26F-AEFA-40A6-8EAA-464646BF1DF3}.Debug|Any CPU.ActiveCfg = Debug|Any CPU
		{4FDBD26F-AEFA-40A6-8EAA-464646BF1DF3}.Debug|Any CPU.Build.0 = Debug|Any CPU
		{4FDBD26F-AEFA-40A6-8EAA-464646BF1DF3}.Release|Any CPU.ActiveCfg = Release|Any CPU
		{4FDBD26F-AEFA-40A6-8EAA-464646BF1DF3}.Release|Any CPU.Build.0 = Release|Any CPU
		{3860D8D7-C6D7-4B26-8DE0-669AED7C57CA}.Debug|Any CPU.ActiveCfg = Debug|Any CPU
		{3860D8D7-C6D7-4B26-8DE0-669AED7C57CA}.Debug|Any CPU.Build.0 = Debug|Any CPU
		{3860D8D7-C6D7-4B26-8DE0-669AED7C57CA}.Release|Any CPU.ActiveCfg = Release|Any CPU
		{3860D8D7-C6D7-4B26-8DE0-669AED7C57CA}.Release|Any CPU.Build.0 = Release|Any CPU
		{D61B2411-DA5F-41E0-AE7E-DD73168A5A92}.Debug|Any CPU.ActiveCfg = Debug|Any CPU
		{D61B2411-DA5F-41E0-AE7E-DD73168A5A92}.Debug|Any CPU.Build.0 = Debug|Any CPU
		{D61B2411-DA5F-41E0-AE7E-DD73168A5A92}.Release|Any CPU.ActiveCfg = Release|Any CPU
		{D61B2411-DA5F-41E0-AE7E-DD73168A5A92}.Release|Any CPU.Build.0 = Release|Any CPU
		{A85531B7-43A2-4316-B09A-8C1622DB95A3}.Debug|Any CPU.ActiveCfg = Debug|Any CPU
		{A85531B7-43A2-4316-B09A-8C1622DB95A3}.Debug|Any CPU.Build.0 = Debug|Any CPU
		{A85531B7-43A2-4316-B09A-8C1622DB95A3}.Release|Any CPU.ActiveCfg = Release|Any CPU
		{A85531B7-43A2-4316-B09A-8C1622DB95A3}.Release|Any CPU.Build.0 = Release|Any CPU
		{3D82025C-60F1-47A8-B9D0-DE57894558D6}.Debug|Any CPU.ActiveCfg = Debug|Any CPU
		{3D82025C-60F1-47A8-B9D0-DE57894558D6}.Debug|Any CPU.Build.0 = Debug|Any CPU
		{3D82025C-60F1-47A8-B9D0-DE57894558D6}.Release|Any CPU.ActiveCfg = Release|Any CPU
		{3D82025C-60F1-47A8-B9D0-DE57894558D6}.Release|Any CPU.Build.0 = Release|Any CPU
		{153E80DE-255B-493E-B4DC-AB5F38D51998}.Debug|Any CPU.ActiveCfg = Debug|Any CPU
		{153E80DE-255B-493E-B4DC-AB5F38D51998}.Debug|Any CPU.Build.0 = Debug|Any CPU
		{153E80DE-255B-493E-B4DC-AB5F38D51998}.Release|Any CPU.ActiveCfg = Release|Any CPU
		{153E80DE-255B-493E-B4DC-AB5F38D51998}.Release|Any CPU.Build.0 = Release|Any CPU
		{BDACFB55-423A-4A70-A67C-F521A4E97783}.Debug|Any CPU.ActiveCfg = Debug|Any CPU
		{BDACFB55-423A-4A70-A67C-F521A4E97783}.Debug|Any CPU.Build.0 = Debug|Any CPU
		{BDACFB55-423A-4A70-A67C-F521A4E97783}.Release|Any CPU.ActiveCfg = Release|Any CPU
		{BDACFB55-423A-4A70-A67C-F521A4E97783}.Release|Any CPU.Build.0 = Release|Any CPU
		{06B80AC6-D61C-4B4A-961C-0AC900A261AF}.Debug|Any CPU.ActiveCfg = Debug|Any CPU
		{06B80AC6-D61C-4B4A-961C-0AC900A261AF}.Debug|Any CPU.Build.0 = Debug|Any CPU
		{06B80AC6-D61C-4B4A-961C-0AC900A261AF}.Release|Any CPU.ActiveCfg = Release|Any CPU
		{06B80AC6-D61C-4B4A-961C-0AC900A261AF}.Release|Any CPU.Build.0 = Release|Any CPU
	EndGlobalSection
	GlobalSection(SolutionProperties) = preSolution
		HideSolutionNode = FALSE
	EndGlobalSection
	GlobalSection(ExtensibilityGlobals) = postSolution
		SolutionGuid = {25846C04-0863-4D51-BB2A-DA3870BE8AD9}
	EndGlobalSection
EndGlobal
